// !$*UTF8*$!
{
	archiveVersion = 1;
	classes = {
	};
	objectVersion = 48;
	objects = {

/* Begin PBXBuildFile section */
		0AFA5C351596C3D18DD83A7A /* Pods_DependencyInjection.framework in Frameworks */ = {isa = PBXBuildFile; fileRef = DBB8079C5B8329836ADC2646 /* Pods_DependencyInjection.framework */; };
		F322B0BC202833B00052BE1E /* Country.swift in Sources */ = {isa = PBXBuildFile; fileRef = F322B0BB202833B00052BE1E /* Country.swift */; };
		F322B0BE2028357E0052BE1E /* CountryInfoAPIConfiguration.swift in Sources */ = {isa = PBXBuildFile; fileRef = F322B0BD2028357E0052BE1E /* CountryInfoAPIConfiguration.swift */; };
		F322B0C0202838030052BE1E /* Networking.swift in Sources */ = {isa = PBXBuildFile; fileRef = F322B0BF202838030052BE1E /* Networking.swift */; };
		F322B0C22028390D0052BE1E /* Network.swift in Sources */ = {isa = PBXBuildFile; fileRef = F322B0C12028390D0052BE1E /* Network.swift */; };
		F34FC66120284652009A4D96 /* Fetcher.swift in Sources */ = {isa = PBXBuildFile; fileRef = F34FC66020284652009A4D96 /* Fetcher.swift */; };
		F3DBFEEC202051D20063BB28 /* AppDelegate.swift in Sources */ = {isa = PBXBuildFile; fileRef = F3DBFEEB202051D20063BB28 /* AppDelegate.swift */; };
		F3DBFEEE202051D20063BB28 /* ViewController.swift in Sources */ = {isa = PBXBuildFile; fileRef = F3DBFEED202051D20063BB28 /* ViewController.swift */; };
		F3DBFEF1202051D20063BB28 /* Main.storyboard in Resources */ = {isa = PBXBuildFile; fileRef = F3DBFEEF202051D20063BB28 /* Main.storyboard */; };
		F3DBFEF3202051D20063BB28 /* Assets.xcassets in Resources */ = {isa = PBXBuildFile; fileRef = F3DBFEF2202051D20063BB28 /* Assets.xcassets */; };
		F3DBFEF6202051D20063BB28 /* LaunchScreen.storyboard in Resources */ = {isa = PBXBuildFile; fileRef = F3DBFEF4202051D20063BB28 /* LaunchScreen.storyboard */; };
		F3DBFF01202051D20063BB28 /* DependencyInjectionTests.swift in Sources */ = {isa = PBXBuildFile; fileRef = F3DBFF00202051D20063BB28 /* DependencyInjectionTests.swift */; };
		F3DBFF0C202051D20063BB28 /* DependencyInjectionUITests.swift in Sources */ = {isa = PBXBuildFile; fileRef = F3DBFF0B202051D20063BB28 /* DependencyInjectionUITests.swift */; };
/* End PBXBuildFile section */

/* Begin PBXContainerItemProxy section */
		F3DBFEFD202051D20063BB28 /* PBXContainerItemProxy */ = {
			isa = PBXContainerItemProxy;
			containerPortal = F3DBFEE0202051D20063BB28 /* Project object */;
			proxyType = 1;
			remoteGlobalIDString = F3DBFEE7202051D20063BB28;
			remoteInfo = DependencyInjection;
		};
		F3DBFF08202051D20063BB28 /* PBXContainerItemProxy */ = {
			isa = PBXContainerItemProxy;
			containerPortal = F3DBFEE0202051D20063BB28 /* Project object */;
			proxyType = 1;
			remoteGlobalIDString = F3DBFEE7202051D20063BB28;
			remoteInfo = DependencyInjection;
		};
/* End PBXContainerItemProxy section */

/* Begin PBXFileReference section */
		DBB8079C5B8329836ADC2646 /* Pods_DependencyInjection.framework */ = {isa = PBXFileReference; explicitFileType = wrapper.framework; includeInIndex = 0; path = Pods_DependencyInjection.framework; sourceTree = BUILT_PRODUCTS_DIR; };
		E95DA8DED46663E12A9D8570 /* Pods-DependencyInjection.debug.xcconfig */ = {isa = PBXFileReference; includeInIndex = 1; lastKnownFileType = text.xcconfig; name = "Pods-DependencyInjection.debug.xcconfig"; path = "Pods/Target Support Files/Pods-DependencyInjection/Pods-DependencyInjection.debug.xcconfig"; sourceTree = "<group>"; };
		F322B0BB202833B00052BE1E /* Country.swift */ = {isa = PBXFileReference; lastKnownFileType = sourcecode.swift; path = Country.swift; sourceTree = "<group>"; };
		F322B0BD2028357E0052BE1E /* CountryInfoAPIConfiguration.swift */ = {isa = PBXFileReference; lastKnownFileType = sourcecode.swift; path = CountryInfoAPIConfiguration.swift; sourceTree = "<group>"; };
		F322B0BF202838030052BE1E /* Networking.swift */ = {isa = PBXFileReference; lastKnownFileType = sourcecode.swift; path = Networking.swift; sourceTree = "<group>"; };
		F322B0C12028390D0052BE1E /* Network.swift */ = {isa = PBXFileReference; lastKnownFileType = sourcecode.swift; path = Network.swift; sourceTree = "<group>"; };
		F34FC66020284652009A4D96 /* Fetcher.swift */ = {isa = PBXFileReference; lastKnownFileType = sourcecode.swift; path = Fetcher.swift; sourceTree = "<group>"; };
		F3DBFEE8202051D20063BB28 /* DependencyInjection.app */ = {isa = PBXFileReference; explicitFileType = wrapper.application; includeInIndex = 0; path = DependencyInjection.app; sourceTree = BUILT_PRODUCTS_DIR; };
		F3DBFEEB202051D20063BB28 /* AppDelegate.swift */ = {isa = PBXFileReference; lastKnownFileType = sourcecode.swift; path = AppDelegate.swift; sourceTree = "<group>"; };
		F3DBFEED202051D20063BB28 /* ViewController.swift */ = {isa = PBXFileReference; lastKnownFileType = sourcecode.swift; path = ViewController.swift; sourceTree = "<group>"; };
		F3DBFEF0202051D20063BB28 /* Base */ = {isa = PBXFileReference; lastKnownFileType = file.storyboard; name = Base; path = Base.lproj/Main.storyboard; sourceTree = "<group>"; };
		F3DBFEF2202051D20063BB28 /* Assets.xcassets */ = {isa = PBXFileReference; lastKnownFileType = folder.assetcatalog; path = Assets.xcassets; sourceTree = "<group>"; };
		F3DBFEF5202051D20063BB28 /* Base */ = {isa = PBXFileReference; lastKnownFileType = file.storyboard; name = Base; path = Base.lproj/LaunchScreen.storyboard; sourceTree = "<group>"; };
		F3DBFEF7202051D20063BB28 /* Info.plist */ = {isa = PBXFileReference; lastKnownFileType = text.plist.xml; path = Info.plist; sourceTree = "<group>"; };
		F3DBFEFC202051D20063BB28 /* DependencyInjectionTests.xctest */ = {isa = PBXFileReference; explicitFileType = wrapper.cfbundle; includeInIndex = 0; path = DependencyInjectionTests.xctest; sourceTree = BUILT_PRODUCTS_DIR; };
		F3DBFF00202051D20063BB28 /* DependencyInjectionTests.swift */ = {isa = PBXFileReference; lastKnownFileType = sourcecode.swift; path = DependencyInjectionTests.swift; sourceTree = "<group>"; };
		F3DBFF02202051D20063BB28 /* Info.plist */ = {isa = PBXFileReference; lastKnownFileType = text.plist.xml; path = Info.plist; sourceTree = "<group>"; };
		F3DBFF07202051D20063BB28 /* DependencyInjectionUITests.xctest */ = {isa = PBXFileReference; explicitFileType = wrapper.cfbundle; includeInIndex = 0; path = DependencyInjectionUITests.xctest; sourceTree = BUILT_PRODUCTS_DIR; };
		F3DBFF0B202051D20063BB28 /* DependencyInjectionUITests.swift */ = {isa = PBXFileReference; lastKnownFileType = sourcecode.swift; path = DependencyInjectionUITests.swift; sourceTree = "<group>"; };
		F3DBFF0D202051D20063BB28 /* Info.plist */ = {isa = PBXFileReference; lastKnownFileType = text.plist.xml; path = Info.plist; sourceTree = "<group>"; };
		FAE003C19F9DCD88BF53651B /* Pods-DependencyInjection.release.xcconfig */ = {isa = PBXFileReference; includeInIndex = 1; lastKnownFileType = text.xcconfig; name = "Pods-DependencyInjection.release.xcconfig"; path = "Pods/Target Support Files/Pods-DependencyInjection/Pods-DependencyInjection.release.xcconfig"; sourceTree = "<group>"; };
/* End PBXFileReference section */

/* Begin PBXFrameworksBuildPhase section */
		F3DBFEE5202051D20063BB28 /* Frameworks */ = {
			isa = PBXFrameworksBuildPhase;
			buildActionMask = 2147483647;
			files = (
				0AFA5C351596C3D18DD83A7A /* Pods_DependencyInjection.framework in Frameworks */,
			);
			runOnlyForDeploymentPostprocessing = 0;
		};
		F3DBFEF9202051D20063BB28 /* Frameworks */ = {
			isa = PBXFrameworksBuildPhase;
			buildActionMask = 2147483647;
			files = (
			);
			runOnlyForDeploymentPostprocessing = 0;
		};
		F3DBFF04202051D20063BB28 /* Frameworks */ = {
			isa = PBXFrameworksBuildPhase;
			buildActionMask = 2147483647;
			files = (
			);
			runOnlyForDeploymentPostprocessing = 0;
		};
/* End PBXFrameworksBuildPhase section */

/* Begin PBXGroup section */
		23BAA87C0E6D02B3BA468C76 /* Frameworks */ = {
			isa = PBXGroup;
			children = (
				DBB8079C5B8329836ADC2646 /* Pods_DependencyInjection.framework */,
			);
			name = Frameworks;
			sourceTree = "<group>";
		};
		E63826ECD49BB083B8CC3E95 /* Pods */ = {
			isa = PBXGroup;
			children = (
				E95DA8DED46663E12A9D8570 /* Pods-DependencyInjection.debug.xcconfig */,
				FAE003C19F9DCD88BF53651B /* Pods-DependencyInjection.release.xcconfig */,
			);
			name = Pods;
			sourceTree = "<group>";
		};
		F3DBFEDF202051D20063BB28 = {
			isa = PBXGroup;
			children = (
				F3DBFEEA202051D20063BB28 /* DependencyInjection */,
				F3DBFEFF202051D20063BB28 /* DependencyInjectionTests */,
				F3DBFF0A202051D20063BB28 /* DependencyInjectionUITests */,
				F3DBFEE9202051D20063BB28 /* Products */,
				E63826ECD49BB083B8CC3E95 /* Pods */,
				23BAA87C0E6D02B3BA468C76 /* Frameworks */,
			);
			sourceTree = "<group>";
		};
		F3DBFEE9202051D20063BB28 /* Products */ = {
			isa = PBXGroup;
			children = (
				F3DBFEE8202051D20063BB28 /* DependencyInjection.app */,
				F3DBFEFC202051D20063BB28 /* DependencyInjectionTests.xctest */,
				F3DBFF07202051D20063BB28 /* DependencyInjectionUITests.xctest */,
			);
			name = Products;
			sourceTree = "<group>";
		};
		F3DBFEEA202051D20063BB28 /* DependencyInjection */ = {
			isa = PBXGroup;
			children = (
				F3DBFEEB202051D20063BB28 /* AppDelegate.swift */,
				F3DBFEED202051D20063BB28 /* ViewController.swift */,
				F3DBFEEF202051D20063BB28 /* Main.storyboard */,
				F3DBFEF2202051D20063BB28 /* Assets.xcassets */,
				F3DBFEF4202051D20063BB28 /* LaunchScreen.storyboard */,
				F3DBFEF7202051D20063BB28 /* Info.plist */,
				F322B0BB202833B00052BE1E /* Country.swift */,
				F322B0BD2028357E0052BE1E /* CountryInfoAPIConfiguration.swift */,
				F322B0BF202838030052BE1E /* Networking.swift */,
				F322B0C12028390D0052BE1E /* Network.swift */,
				F34FC66020284652009A4D96 /* Fetcher.swift */,
			);
			path = DependencyInjection;
			sourceTree = "<group>";
		};
		F3DBFEFF202051D20063BB28 /* DependencyInjectionTests */ = {
			isa = PBXGroup;
			children = (
				F3DBFF00202051D20063BB28 /* DependencyInjectionTests.swift */,
				F3DBFF02202051D20063BB28 /* Info.plist */,
			);
			path = DependencyInjectionTests;
			sourceTree = "<group>";
		};
		F3DBFF0A202051D20063BB28 /* DependencyInjectionUITests */ = {
			isa = PBXGroup;
			children = (
				F3DBFF0B202051D20063BB28 /* DependencyInjectionUITests.swift */,
				F3DBFF0D202051D20063BB28 /* Info.plist */,
			);
			path = DependencyInjectionUITests;
			sourceTree = "<group>";
		};
/* End PBXGroup section */

/* Begin PBXNativeTarget section */
		F3DBFEE7202051D20063BB28 /* DependencyInjection */ = {
			isa = PBXNativeTarget;
			buildConfigurationList = F3DBFF10202051D20063BB28 /* Build configuration list for PBXNativeTarget "DependencyInjection" */;
			buildPhases = (
				5A06C0671ADEB07418FA331C /* [CP] Check Pods Manifest.lock */,
				F3DBFEE4202051D20063BB28 /* Sources */,
				F3DBFEE5202051D20063BB28 /* Frameworks */,
				F3DBFEE6202051D20063BB28 /* Resources */,
				53114BD96DFC0E03E22D83FA /* [CP] Embed Pods Frameworks */,
				9045D676B4DA498BB1CB1349 /* [CP] Copy Pods Resources */,
			);
			buildRules = (
			);
			dependencies = (
			);
			name = DependencyInjection;
			productName = DependencyInjection;
			productReference = F3DBFEE8202051D20063BB28 /* DependencyInjection.app */;
			productType = "com.apple.product-type.application";
		};
		F3DBFEFB202051D20063BB28 /* DependencyInjectionTests */ = {
			isa = PBXNativeTarget;
			buildConfigurationList = F3DBFF13202051D20063BB28 /* Build configuration list for PBXNativeTarget "DependencyInjectionTests" */;
			buildPhases = (
				F3DBFEF8202051D20063BB28 /* Sources */,
				F3DBFEF9202051D20063BB28 /* Frameworks */,
				F3DBFEFA202051D20063BB28 /* Resources */,
			);
			buildRules = (
			);
			dependencies = (
				F3DBFEFE202051D20063BB28 /* PBXTargetDependency */,
			);
			name = DependencyInjectionTests;
			productName = DependencyInjectionTests;
			productReference = F3DBFEFC202051D20063BB28 /* DependencyInjectionTests.xctest */;
			productType = "com.apple.product-type.bundle.unit-test";
		};
		F3DBFF06202051D20063BB28 /* DependencyInjectionUITests */ = {
			isa = PBXNativeTarget;
			buildConfigurationList = F3DBFF16202051D20063BB28 /* Build configuration list for PBXNativeTarget "DependencyInjectionUITests" */;
			buildPhases = (
				F3DBFF03202051D20063BB28 /* Sources */,
				F3DBFF04202051D20063BB28 /* Frameworks */,
				F3DBFF05202051D20063BB28 /* Resources */,
			);
			buildRules = (
			);
			dependencies = (
				F3DBFF09202051D20063BB28 /* PBXTargetDependency */,
			);
			name = DependencyInjectionUITests;
			productName = DependencyInjectionUITests;
			productReference = F3DBFF07202051D20063BB28 /* DependencyInjectionUITests.xctest */;
			productType = "com.apple.product-type.bundle.ui-testing";
		};
/* End PBXNativeTarget section */

/* Begin PBXProject section */
		F3DBFEE0202051D20063BB28 /* Project object */ = {
			isa = PBXProject;
			attributes = {
				LastSwiftUpdateCheck = 0920;
				LastUpgradeCheck = 0920;
				ORGANIZATIONNAME = htomcat;
				TargetAttributes = {
					F3DBFEE7202051D20063BB28 = {
						CreatedOnToolsVersion = 9.2;
						ProvisioningStyle = Automatic;
					};
					F3DBFEFB202051D20063BB28 = {
						CreatedOnToolsVersion = 9.2;
						ProvisioningStyle = Automatic;
						TestTargetID = F3DBFEE7202051D20063BB28;
					};
					F3DBFF06202051D20063BB28 = {
						CreatedOnToolsVersion = 9.2;
						ProvisioningStyle = Automatic;
						TestTargetID = F3DBFEE7202051D20063BB28;
					};
				};
			};
			buildConfigurationList = F3DBFEE3202051D20063BB28 /* Build configuration list for PBXProject "DependencyInjection" */;
			compatibilityVersion = "Xcode 8.0";
			developmentRegion = en;
			hasScannedForEncodings = 0;
			knownRegions = (
				en,
				Base,
			);
			mainGroup = F3DBFEDF202051D20063BB28;
			productRefGroup = F3DBFEE9202051D20063BB28 /* Products */;
			projectDirPath = "";
			projectRoot = "";
			targets = (
				F3DBFEE7202051D20063BB28 /* DependencyInjection */,
				F3DBFEFB202051D20063BB28 /* DependencyInjectionTests */,
				F3DBFF06202051D20063BB28 /* DependencyInjectionUITests */,
			);
		};
/* End PBXProject section */

/* Begin PBXResourcesBuildPhase section */
		F3DBFEE6202051D20063BB28 /* Resources */ = {
			isa = PBXResourcesBuildPhase;
			buildActionMask = 2147483647;
			files = (
				F3DBFEF6202051D20063BB28 /* LaunchScreen.storyboard in Resources */,
				F3DBFEF3202051D20063BB28 /* Assets.xcassets in Resources */,
				F3DBFEF1202051D20063BB28 /* Main.storyboard in Resources */,
			);
			runOnlyForDeploymentPostprocessing = 0;
		};
		F3DBFEFA202051D20063BB28 /* Resources */ = {
			isa = PBXResourcesBuildPhase;
			buildActionMask = 2147483647;
			files = (
			);
			runOnlyForDeploymentPostprocessing = 0;
		};
		F3DBFF05202051D20063BB28 /* Resources */ = {
			isa = PBXResourcesBuildPhase;
			buildActionMask = 2147483647;
			files = (
			);
			runOnlyForDeploymentPostprocessing = 0;
		};
/* End PBXResourcesBuildPhase section */

/* Begin PBXShellScriptBuildPhase section */
		53114BD96DFC0E03E22D83FA /* [CP] Embed Pods Frameworks */ = {
			isa = PBXShellScriptBuildPhase;
			buildActionMask = 2147483647;
			files = (
			);
			inputPaths = (
				"${SRCROOT}/Pods/Target Support Files/Pods-DependencyInjection/Pods-DependencyInjection-frameworks.sh",
				"${BUILT_PRODUCTS_DIR}/Alamofire/Alamofire.framework",
				"${BUILT_PRODUCTS_DIR}/Swinject/Swinject.framework",
			);
			name = "[CP] Embed Pods Frameworks";
			outputPaths = (
				"${TARGET_BUILD_DIR}/${FRAMEWORKS_FOLDER_PATH}/Alamofire.framework",
				"${TARGET_BUILD_DIR}/${FRAMEWORKS_FOLDER_PATH}/Swinject.framework",
			);
			runOnlyForDeploymentPostprocessing = 0;
			shellPath = /bin/sh;
			shellScript = "\"${SRCROOT}/Pods/Target Support Files/Pods-DependencyInjection/Pods-DependencyInjection-frameworks.sh\"\n";
			showEnvVarsInLog = 0;
		};
		5A06C0671ADEB07418FA331C /* [CP] Check Pods Manifest.lock */ = {
			isa = PBXShellScriptBuildPhase;
			buildActionMask = 2147483647;
			files = (
			);
			inputPaths = (
				"${PODS_PODFILE_DIR_PATH}/Podfile.lock",
				"${PODS_ROOT}/Manifest.lock",
			);
			name = "[CP] Check Pods Manifest.lock";
			outputPaths = (
				"$(DERIVED_FILE_DIR)/Pods-DependencyInjection-checkManifestLockResult.txt",
			);
			runOnlyForDeploymentPostprocessing = 0;
			shellPath = /bin/sh;
			shellScript = "diff \"${PODS_PODFILE_DIR_PATH}/Podfile.lock\" \"${PODS_ROOT}/Manifest.lock\" > /dev/null\nif [ $? != 0 ] ; then\n    # print error to STDERR\n    echo \"error: The sandbox is not in sync with the Podfile.lock. Run 'pod install' or update your CocoaPods installation.\" >&2\n    exit 1\nfi\n# This output is used by Xcode 'outputs' to avoid re-running this script phase.\necho \"SUCCESS\" > \"${SCRIPT_OUTPUT_FILE_0}\"\n";
			showEnvVarsInLog = 0;
		};
		9045D676B4DA498BB1CB1349 /* [CP] Copy Pods Resources */ = {
			isa = PBXShellScriptBuildPhase;
			buildActionMask = 2147483647;
			files = (
			);
			inputPaths = (
			);
			name = "[CP] Copy Pods Resources";
			outputPaths = (
			);
			runOnlyForDeploymentPostprocessing = 0;
			shellPath = /bin/sh;
			shellScript = "\"${SRCROOT}/Pods/Target Support Files/Pods-DependencyInjection/Pods-DependencyInjection-resources.sh\"\n";
			showEnvVarsInLog = 0;
		};
/* End PBXShellScriptBuildPhase section */

/* Begin PBXSourcesBuildPhase section */
		F3DBFEE4202051D20063BB28 /* Sources */ = {
			isa = PBXSourcesBuildPhase;
			buildActionMask = 2147483647;
			files = (
				F34FC66120284652009A4D96 /* Fetcher.swift in Sources */,
				F3DBFEEE202051D20063BB28 /* ViewController.swift in Sources */,
				F322B0C0202838030052BE1E /* Networking.swift in Sources */,
				F322B0C22028390D0052BE1E /* Network.swift in Sources */,
				F322B0BC202833B00052BE1E /* Country.swift in Sources */,
				F322B0BE2028357E0052BE1E /* CountryInfoAPIConfiguration.swift in Sources */,
				F3DBFEEC202051D20063BB28 /* AppDelegate.swift in Sources */,
			);
			runOnlyForDeploymentPostprocessing = 0;
		};
		F3DBFEF8202051D20063BB28 /* Sources */ = {
			isa = PBXSourcesBuildPhase;
			buildActionMask = 2147483647;
			files = (
				F3DBFF01202051D20063BB28 /* DependencyInjectionTests.swift in Sources */,
			);
			runOnlyForDeploymentPostprocessing = 0;
		};
		F3DBFF03202051D20063BB28 /* Sources */ = {
			isa = PBXSourcesBuildPhase;
			buildActionMask = 2147483647;
			files = (
				F3DBFF0C202051D20063BB28 /* DependencyInjectionUITests.swift in Sources */,
			);
			runOnlyForDeploymentPostprocessing = 0;
		};
/* End PBXSourcesBuildPhase section */

/* Begin PBXTargetDependency section */
		F3DBFEFE202051D20063BB28 /* PBXTargetDependency */ = {
			isa = PBXTargetDependency;
			target = F3DBFEE7202051D20063BB28 /* DependencyInjection */;
			targetProxy = F3DBFEFD202051D20063BB28 /* PBXContainerItemProxy */;
		};
		F3DBFF09202051D20063BB28 /* PBXTargetDependency */ = {
			isa = PBXTargetDependency;
			target = F3DBFEE7202051D20063BB28 /* DependencyInjection */;
			targetProxy = F3DBFF08202051D20063BB28 /* PBXContainerItemProxy */;
		};
/* End PBXTargetDependency section */

/* Begin PBXVariantGroup section */
		F3DBFEEF202051D20063BB28 /* Main.storyboard */ = {
			isa = PBXVariantGroup;
			children = (
				F3DBFEF0202051D20063BB28 /* Base */,
			);
			name = Main.storyboard;
			sourceTree = "<group>";
		};
		F3DBFEF4202051D20063BB28 /* LaunchScreen.storyboard */ = {
			isa = PBXVariantGroup;
			children = (
				F3DBFEF5202051D20063BB28 /* Base */,
			);
			name = LaunchScreen.storyboard;
			sourceTree = "<group>";
		};
/* End PBXVariantGroup section */

/* Begin XCBuildConfiguration section */
		F3DBFF0E202051D20063BB28 /* Debug */ = {
			isa = XCBuildConfiguration;
			buildSettings = {
				ALWAYS_SEARCH_USER_PATHS = NO;
				CLANG_ANALYZER_NONNULL = YES;
				CLANG_ANALYZER_NUMBER_OBJECT_CONVERSION = YES_AGGRESSIVE;
				CLANG_CXX_LANGUAGE_STANDARD = "gnu++14";
				CLANG_CXX_LIBRARY = "libc++";
				CLANG_ENABLE_MODULES = YES;
				CLANG_ENABLE_OBJC_ARC = YES;
				CLANG_WARN_BLOCK_CAPTURE_AUTORELEASING = YES;
				CLANG_WARN_BOOL_CONVERSION = YES;
				CLANG_WARN_COMMA = YES;
				CLANG_WARN_CONSTANT_CONVERSION = YES;
				CLANG_WARN_DIRECT_OBJC_ISA_USAGE = YES_ERROR;
				CLANG_WARN_DOCUMENTATION_COMMENTS = YES;
				CLANG_WARN_EMPTY_BODY = YES;
				CLANG_WARN_ENUM_CONVERSION = YES;
				CLANG_WARN_INFINITE_RECURSION = YES;
				CLANG_WARN_INT_CONVERSION = YES;
				CLANG_WARN_NON_LITERAL_NULL_CONVERSION = YES;
				CLANG_WARN_OBJC_LITERAL_CONVERSION = YES;
				CLANG_WARN_OBJC_ROOT_CLASS = YES_ERROR;
				CLANG_WARN_RANGE_LOOP_ANALYSIS = YES;
				CLANG_WARN_STRICT_PROTOTYPES = YES;
				CLANG_WARN_SUSPICIOUS_MOVE = YES;
				CLANG_WARN_UNGUARDED_AVAILABILITY = YES_AGGRESSIVE;
				CLANG_WARN_UNREACHABLE_CODE = YES;
				CLANG_WARN__DUPLICATE_METHOD_MATCH = YES;
				CODE_SIGN_IDENTITY = "iPhone Developer";
				COPY_PHASE_STRIP = NO;
				DEBUG_INFORMATION_FORMAT = dwarf;
				ENABLE_STRICT_OBJC_MSGSEND = YES;
				ENABLE_TESTABILITY = YES;
				GCC_C_LANGUAGE_STANDARD = gnu11;
				GCC_DYNAMIC_NO_PIC = NO;
				GCC_NO_COMMON_BLOCKS = YES;
				GCC_OPTIMIZATION_LEVEL = 0;
				GCC_PREPROCESSOR_DEFINITIONS = (
					"DEBUG=1",
					"$(inherited)",
				);
				GCC_WARN_64_TO_32_BIT_CONVERSION = YES;
				GCC_WARN_ABOUT_RETURN_TYPE = YES_ERROR;
				GCC_WARN_UNDECLARED_SELECTOR = YES;
				GCC_WARN_UNINITIALIZED_AUTOS = YES_AGGRESSIVE;
				GCC_WARN_UNUSED_FUNCTION = YES;
				GCC_WARN_UNUSED_VARIABLE = YES;
				IPHONEOS_DEPLOYMENT_TARGET = 11.2;
				MTL_ENABLE_DEBUG_INFO = YES;
				ONLY_ACTIVE_ARCH = YES;
				SDKROOT = iphoneos;
				SWIFT_ACTIVE_COMPILATION_CONDITIONS = DEBUG;
				SWIFT_OPTIMIZATION_LEVEL = "-Onone";
			};
			name = Debug;
		};
		F3DBFF0F202051D20063BB28 /* Release */ = {
			isa = XCBuildConfiguration;
			buildSettings = {
				ALWAYS_SEARCH_USER_PATHS = NO;
				CLANG_ANALYZER_NONNULL = YES;
				CLANG_ANALYZER_NUMBER_OBJECT_CONVERSION = YES_AGGRESSIVE;
				CLANG_CXX_LANGUAGE_STANDARD = "gnu++14";
				CLANG_CXX_LIBRARY = "libc++";
				CLANG_ENABLE_MODULES = YES;
				CLANG_ENABLE_OBJC_ARC = YES;
				CLANG_WARN_BLOCK_CAPTURE_AUTORELEASING = YES;
				CLANG_WARN_BOOL_CONVERSION = YES;
				CLANG_WARN_COMMA = YES;
				CLANG_WARN_CONSTANT_CONVERSION = YES;
				CLANG_WARN_DIRECT_OBJC_ISA_USAGE = YES_ERROR;
				CLANG_WARN_DOCUMENTATION_COMMENTS = YES;
				CLANG_WARN_EMPTY_BODY = YES;
				CLANG_WARN_ENUM_CONVERSION = YES;
				CLANG_WARN_INFINITE_RECURSION = YES;
				CLANG_WARN_INT_CONVERSION = YES;
				CLANG_WARN_NON_LITERAL_NULL_CONVERSION = YES;
				CLANG_WARN_OBJC_LITERAL_CONVERSION = YES;
				CLANG_WARN_OBJC_ROOT_CLASS = YES_ERROR;
				CLANG_WARN_RANGE_LOOP_ANALYSIS = YES;
				CLANG_WARN_STRICT_PROTOTYPES = YES;
				CLANG_WARN_SUSPICIOUS_MOVE = YES;
				CLANG_WARN_UNGUARDED_AVAILABILITY = YES_AGGRESSIVE;
				CLANG_WARN_UNREACHABLE_CODE = YES;
				CLANG_WARN__DUPLICATE_METHOD_MATCH = YES;
				CODE_SIGN_IDENTITY = "iPhone Developer";
				COPY_PHASE_STRIP = NO;
				DEBUG_INFORMATION_FORMAT = "dwarf-with-dsym";
				ENABLE_NS_ASSERTIONS = NO;
				ENABLE_STRICT_OBJC_MSGSEND = YES;
				GCC_C_LANGUAGE_STANDARD = gnu11;
				GCC_NO_COMMON_BLOCKS = YES;
				GCC_WARN_64_TO_32_BIT_CONVERSION = YES;
				GCC_WARN_ABOUT_RETURN_TYPE = YES_ERROR;
				GCC_WARN_UNDECLARED_SELECTOR = YES;
				GCC_WARN_UNINITIALIZED_AUTOS = YES_AGGRESSIVE;
				GCC_WARN_UNUSED_FUNCTION = YES;
				GCC_WARN_UNUSED_VARIABLE = YES;
				IPHONEOS_DEPLOYMENT_TARGET = 11.2;
				MTL_ENABLE_DEBUG_INFO = NO;
				SDKROOT = iphoneos;
				SWIFT_OPTIMIZATION_LEVEL = "-Owholemodule";
				VALIDATE_PRODUCT = YES;
			};
			name = Release;
		};
		F3DBFF11202051D20063BB28 /* Debug */ = {
			isa = XCBuildConfiguration;
			baseConfigurationReference = E95DA8DED46663E12A9D8570 /* Pods-DependencyInjection.debug.xcconfig */;
			buildSettings = {
				ASSETCATALOG_COMPILER_APPICON_NAME = AppIcon;
				CODE_SIGN_STYLE = Automatic;
				INFOPLIST_FILE = DependencyInjection/Info.plist;
				LD_RUNPATH_SEARCH_PATHS = "$(inherited) @executable_path/Frameworks";
				PRODUCT_BUNDLE_IDENTIFIER = htomcat.DependencyInjection;
				PRODUCT_NAME = "$(TARGET_NAME)";
				SWIFT_VERSION = 4.0;
				TARGETED_DEVICE_FAMILY = "1,2";
			};
			name = Debug;
		};
		F3DBFF12202051D20063BB28 /* Release */ = {
			isa = XCBuildConfiguration;
			baseConfigurationReference = FAE003C19F9DCD88BF53651B /* Pods-DependencyInjection.release.xcconfig */;
			buildSettings = {
				ASSETCATALOG_COMPILER_APPICON_NAME = AppIcon;
				CODE_SIGN_STYLE = Automatic;
				INFOPLIST_FILE = DependencyInjection/Info.plist;
				LD_RUNPATH_SEARCH_PATHS = "$(inherited) @executable_path/Frameworks";
				PRODUCT_BUNDLE_IDENTIFIER = htomcat.DependencyInjection;
				PRODUCT_NAME = "$(TARGET_NAME)";
				SWIFT_VERSION = 4.0;
				TARGETED_DEVICE_FAMILY = "1,2";
			};
			name = Release;
		};
		F3DBFF14202051D20063BB28 /* Debug */ = {
			isa = XCBuildConfiguration;
			buildSettings = {
				ALWAYS_EMBED_SWIFT_STANDARD_LIBRARIES = YES;
				BUNDLE_LOADER = "$(TEST_HOST)";
				CODE_SIGN_STYLE = Automatic;
				INFOPLIST_FILE = DependencyInjectionTests/Info.plist;
				LD_RUNPATH_SEARCH_PATHS = "$(inherited) @executable_path/Frameworks @loader_path/Frameworks";
				PRODUCT_BUNDLE_IDENTIFIER = htomcat.DependencyInjectionTests;
				PRODUCT_NAME = "$(TARGET_NAME)";
				SWIFT_VERSION = 4.0;
				TARGETED_DEVICE_FAMILY = "1,2";
				TEST_HOST = "$(BUILT_PRODUCTS_DIR)/DependencyInjection.app/DependencyInjection";
			};
			name = Debug;
		};
		F3DBFF15202051D20063BB28 /* Release */ = {
			isa = XCBuildConfiguration;
			buildSettings = {
				ALWAYS_EMBED_SWIFT_STANDARD_LIBRARIES = YES;
				BUNDLE_LOADER = "$(TEST_HOST)";
				CODE_SIGN_STYLE = Automatic;
				INFOPLIST_FILE = DependencyInjectionTests/Info.plist;
				LD_RUNPATH_SEARCH_PATHS = "$(inherited) @executable_path/Frameworks @loader_path/Frameworks";
				PRODUCT_BUNDLE_IDENTIFIER = htomcat.DependencyInjectionTests;
				PRODUCT_NAME = "$(TARGET_NAME)";
				SWIFT_VERSION = 4.0;
				TARGETED_DEVICE_FAMILY = "1,2";
				TEST_HOST = "$(BUILT_PRODUCTS_DIR)/DependencyInjection.app/DependencyInjection";
			};
			name = Release;
		};
		F3DBFF17202051D20063BB28 /* Debug */ = {
			isa = XCBuildConfiguration;
			buildSettings = {
				ALWAYS_EMBED_SWIFT_STANDARD_LIBRARIES = YES;
				CODE_SIGN_STYLE = Automatic;
				INFOPLIST_FILE = DependencyInjectionUITests/Info.plist;
				LD_RUNPATH_SEARCH_PATHS = "$(inherited) @executable_path/Frameworks @loader_path/Frameworks";
				PRODUCT_BUNDLE_IDENTIFIER = htomcat.DependencyInjectionUITests;
				PRODUCT_NAME = "$(TARGET_NAME)";
				SWIFT_VERSION = 4.0;
				TARGETED_DEVICE_FAMILY = "1,2";
				TEST_TARGET_NAME = DependencyInjection;
			};
			name = Debug;
		};
		F3DBFF18202051D20063BB28 /* Release */ = {
			isa = XCBuildConfiguration;
			buildSettings = {
				ALWAYS_EMBED_SWIFT_STANDARD_LIBRARIES = YES;
				CODE_SIGN_STYLE = Automatic;
				INFOPLIST_FILE = DependencyInjectionUITests/Info.plist;
				LD_RUNPATH_SEARCH_PATHS = "$(inherited) @executable_path/Frameworks @loader_path/Frameworks";
				PRODUCT_BUNDLE_IDENTIFIER = htomcat.DependencyInjectionUITests;
				PRODUCT_NAME = "$(TARGET_NAME)";
				SWIFT_VERSION = 4.0;
				TARGETED_DEVICE_FAMILY = "1,2";
				TEST_TARGET_NAME = DependencyInjection;
			};
			name = Release;
		};
/* End XCBuildConfiguration section */

/* Begin XCConfigurationList section */
		F3DBFEE3202051D20063BB28 /* Build configuration list for PBXProject "DependencyInjection" */ = {
			isa = XCConfigurationList;
			buildConfigurations = (
				F3DBFF0E202051D20063BB28 /* Debug */,
				F3DBFF0F202051D20063BB28 /* Release */,
			);
			defaultConfigurationIsVisible = 0;
			defaultConfigurationName = Release;
		};
		F3DBFF10202051D20063BB28 /* Build configuration list for PBXNativeTarget "DependencyInjection" */ = {
			isa = XCConfigurationList;
			buildConfigurations = (
				F3DBFF11202051D20063BB28 /* Debug */,
				F3DBFF12202051D20063BB28 /* Release */,
			);
			defaultConfigurationIsVisible = 0;
			defaultConfigurationName = Release;
		};
		F3DBFF13202051D20063BB28 /* Build configuration list for PBXNativeTarget "DependencyInjectionTests" */ = {
			isa = XCConfigurationList;
			buildConfigurations = (
				F3DBFF14202051D20063BB28 /* Debug */,
				F3DBFF15202051D20063BB28 /* Release */,
			);
			defaultConfigurationIsVisible = 0;
			defaultConfigurationName = Release;
		};
		F3DBFF16202051D20063BB28 /* Build configuration list for PBXNativeTarget "DependencyInjectionUITests" */ = {
			isa = XCConfigurationList;
			buildConfigurations = (
				F3DBFF17202051D20063BB28 /* Debug */,
				F3DBFF18202051D20063BB28 /* Release */,
			);
			defaultConfigurationIsVisible = 0;
			defaultConfigurationName = Release;
		};
/* End XCConfigurationList section */
	};
	rootObject = F3DBFEE0202051D20063BB28 /* Project object */;
}
